
Microsoft Visual Studio Solution File, Format Version 12.00
# Visual Studio 14
VisualStudioVersion = 14.0.22823.1
MinimumVisualStudioVersion = 10.0.40219.1
Project("{FAE04EC0-301F-11D3-BF4B-00C04F79EFBC}") = "FCPU", "FCPU\FCPU.csproj", "{AF3D8BB5-91A4-4E90-B91B-26DD2B7238CA}"
EndProject
Project("{FAE04EC0-301F-11D3-BF4B-00C04F79EFBC}") = "TestRunner", "TestRunner\TestRunner.csproj", "{7AB06533-0C6F-4133-9174-3C44AC2D9F49}"
EndProject
Project("{FAE04EC0-301F-11D3-BF4B-00C04F79EFBC}") = "FCPUDebugger", "FCPUDebugger\FCPUDebugger.csproj", "{B665D43D-F096-481D-A922-499F5971CF44}"
EndProject
Project("{FAE04EC0-301F-11D3-BF4B-00C04F79EFBC}") = "Parser", "Parser\Parser.csproj", "{18A9019F-FFB5-4E18-966C-8841EED265EC}"
EndProject
Global
	GlobalSection(SolutionConfigurationPlatforms) = preSolution
		Debug|Any CPU = Debug|Any CPU
		Release|Any CPU = Release|Any CPU
	EndGlobalSection
	GlobalSection(ProjectConfigurationPlatforms) = postSolution
		{AF3D8BB5-91A4-4E90-B91B-26DD2B7238CA}.Debug|Any CPU.ActiveCfg = Debug|Any CPU
		{AF3D8BB5-91A4-4E90-B91B-26DD2B7238CA}.Debug|Any CPU.Build.0 = Debug|Any CPU
		{AF3D8BB5-91A4-4E90-B91B-26DD2B7238CA}.Release|Any CPU.ActiveCfg = Release|Any CPU
		{AF3D8BB5-91A4-4E90-B91B-26DD2B7238CA}.Release|Any CPU.Build.0 = Release|Any CPU
		{7AB06533-0C6F-4133-9174-3C44AC2D9F49}.Debug|Any CPU.ActiveCfg = Debug|Any CPU
		{7AB06533-0C6F-4133-9174-3C44AC2D9F49}.Debug|Any CPU.Build.0 = Debug|Any CPU
		{7AB06533-0C6F-4133-9174-3C44AC2D9F49}.Release|Any CPU.ActiveCfg = Release|Any CPU
		{7AB06533-0C6F-4133-9174-3C44AC2D9F49}.Release|Any CPU.Build.0 = Release|Any CPU
		{B665D43D-F096-481D-A922-499F5971CF44}.Debug|Any CPU.ActiveCfg = Debug|Any CPU
		{B665D43D-F096-481D-A922-499F5971CF44}.Debug|Any CPU.Build.0 = Debug|Any CPU
		{B665D43D-F096-481D-A922-499F5971CF44}.Release|Any CPU.ActiveCfg = Release|Any CPU
		{B665D43D-F096-481D-A922-499F5971CF44}.Release|Any CPU.Build.0 = Release|Any CPU
		{18A9019F-FFB5-4E18-966C-8841EED265EC}.Debug|Any CPU.ActiveCfg = Debug|Any CPU
		{18A9019F-FFB5-4E18-966C-8841EED265EC}.Debug|Any CPU.Build.0 = Debug|Any CPU
		{18A9019F-FFB5-4E18-966C-8841EED265EC}.Release|Any CPU.ActiveCfg = Release|Any CPU
		{18A9019F-FFB5-4E18-966C-8841EED265EC}.Release|Any CPU.Build.0 = Release|Any CPU
	EndGlobalSection
	GlobalSection(SolutionProperties) = preSolution
		HideSolutionNode = FALSE
	EndGlobalSection
EndGlobal
